
Microsoft Visual Studio Solution File, Format Version 12.00
# Visual Studio 16
Project("{FAE04EC0-301F-11D3-BF4B-00C04F79EFBC}") = "Assembly-CSharp", "Assembly-CSharp.csproj", "{52184356-B5AB-460C-7BC2-7288E7EB677B}"
EndProject
Global
	GlobalSection(SolutionConfigurationPlatforms) = preSolution
		Debug|Any CPU = Debug|Any CPU
		Release|Any CPU = Release|Any CPU
	EndGlobalSection
	GlobalSection(ProjectConfigurationPlatforms) = postSolution
		{52184356-B5AB-460C-7BC2-7288E7EB677B}.Debug|Any CPU.ActiveCfg = Debug|Any CPU
		{52184356-B5AB-460C-7BC2-7288E7EB677B}.Debug|Any CPU.Build.0 = Debug|Any CPU
		{52184356-B5AB-460C-7BC2-7288E7EB677B}.Release|Any CPU.ActiveCfg = Release|Any CPU
		{52184356-B5AB-460C-7BC2-7288E7EB677B}.Release|Any CPU.Build.0 = Release|Any CPU
	EndGlobalSection
	GlobalSection(SolutionProperties) = preSolution
		HideSolutionNode = FALSE
	EndGlobalSection
EndGlobal
